// !$*UTF8*$!
{
	archiveVersion = 1;
	classes = {
	};
	objectVersion = 55;
	objects = {

/* Begin PBXBuildFile section */
		87F4CCF227E779AD0020E78C /* AppDelegate.swift in Sources */ = {isa = PBXBuildFile; fileRef = 87F4CCF127E779AD0020E78C /* AppDelegate.swift */; };
		87F4CCF427E779AD0020E78C /* SceneDelegate.swift in Sources */ = {isa = PBXBuildFile; fileRef = 87F4CCF327E779AD0020E78C /* SceneDelegate.swift */; };
		87F4CCF627E779AD0020E78C /* ViewController.swift in Sources */ = {isa = PBXBuildFile; fileRef = 87F4CCF527E779AD0020E78C /* ViewController.swift */; };
		87F4CCF927E779AD0020E78C /* Main.storyboard in Resources */ = {isa = PBXBuildFile; fileRef = 87F4CCF727E779AD0020E78C /* Main.storyboard */; };
		87F4CCFB27E779AF0020E78C /* Assets.xcassets in Resources */ = {isa = PBXBuildFile; fileRef = 87F4CCFA27E779AF0020E78C /* Assets.xcassets */; };
		87F4CCFE27E779AF0020E78C /* LaunchScreen.storyboard in Resources */ = {isa = PBXBuildFile; fileRef = 87F4CCFC27E779AF0020E78C /* LaunchScreen.storyboard */; };
		87F4CD0927E779AF0020E78C /* KismetTests.swift in Sources */ = {isa = PBXBuildFile; fileRef = 87F4CD0827E779AF0020E78C /* KismetTests.swift */; };
		87F4CD1327E779AF0020E78C /* KismetUITests.swift in Sources */ = {isa = PBXBuildFile; fileRef = 87F4CD1227E779AF0020E78C /* KismetUITests.swift */; };
		87F4CD1527E779AF0020E78C /* KismetUITestsLaunchTests.swift in Sources */ = {isa = PBXBuildFile; fileRef = 87F4CD1427E779AF0020E78C /* KismetUITestsLaunchTests.swift */; };
		87F4CD2227E77A0E0020E78C /* CollectionViewCell.swift in Sources */ = {isa = PBXBuildFile; fileRef = 87F4CD2127E77A0E0020E78C /* CollectionViewCell.swift */; };
/* End PBXBuildFile section */

/* Begin PBXContainerItemProxy section */
		87F4CD0527E779AF0020E78C /* PBXContainerItemProxy */ = {
			isa = PBXContainerItemProxy;
			containerPortal = 87F4CCE627E779AD0020E78C /* Project object */;
			proxyType = 1;
			remoteGlobalIDString = 87F4CCED27E779AD0020E78C;
			remoteInfo = Kismet;
		};
		87F4CD0F27E779AF0020E78C /* PBXContainerItemProxy */ = {
			isa = PBXContainerItemProxy;
			containerPortal = 87F4CCE627E779AD0020E78C /* Project object */;
			proxyType = 1;
			remoteGlobalIDString = 87F4CCED27E779AD0020E78C;
			remoteInfo = Kismet;
		};
/* End PBXContainerItemProxy section */

/* Begin PBXFileReference section */
		87F4CCEE27E779AD0020E78C /* Kismet.app */ = {isa = PBXFileReference; explicitFileType = wrapper.application; includeInIndex = 0; path = Kismet.app; sourceTree = BUILT_PRODUCTS_DIR; };
		87F4CCF127E779AD0020E78C /* AppDelegate.swift */ = {isa = PBXFileReference; lastKnownFileType = sourcecode.swift; path = AppDelegate.swift; sourceTree = "<group>"; };
		87F4CCF327E779AD0020E78C /* SceneDelegate.swift */ = {isa = PBXFileReference; lastKnownFileType = sourcecode.swift; path = SceneDelegate.swift; sourceTree = "<group>"; };
		87F4CCF527E779AD0020E78C /* ViewController.swift */ = {isa = PBXFileReference; lastKnownFileType = sourcecode.swift; path = ViewController.swift; sourceTree = "<group>"; };
		87F4CCF827E779AD0020E78C /* Base */ = {isa = PBXFileReference; lastKnownFileType = file.storyboard; name = Base; path = Base.lproj/Main.storyboard; sourceTree = "<group>"; };
		87F4CCFA27E779AF0020E78C /* Assets.xcassets */ = {isa = PBXFileReference; lastKnownFileType = folder.assetcatalog; path = Assets.xcassets; sourceTree = "<group>"; };
		87F4CCFD27E779AF0020E78C /* Base */ = {isa = PBXFileReference; lastKnownFileType = file.storyboard; name = Base; path = Base.lproj/LaunchScreen.storyboard; sourceTree = "<group>"; };
		87F4CCFF27E779AF0020E78C /* Info.plist */ = {isa = PBXFileReference; lastKnownFileType = text.plist.xml; path = Info.plist; sourceTree = "<group>"; };
		87F4CD0427E779AF0020E78C /* KismetTests.xctest */ = {isa = PBXFileReference; explicitFileType = wrapper.cfbundle; includeInIndex = 0; path = KismetTests.xctest; sourceTree = BUILT_PRODUCTS_DIR; };
		87F4CD0827E779AF0020E78C /* KismetTests.swift */ = {isa = PBXFileReference; lastKnownFileType = sourcecode.swift; path = KismetTests.swift; sourceTree = "<group>"; };
		87F4CD0E27E779AF0020E78C /* KismetUITests.xctest */ = {isa = PBXFileReference; explicitFileType = wrapper.cfbundle; includeInIndex = 0; path = KismetUITests.xctest; sourceTree = BUILT_PRODUCTS_DIR; };
		87F4CD1227E779AF0020E78C /* KismetUITests.swift */ = {isa = PBXFileReference; lastKnownFileType = sourcecode.swift; path = KismetUITests.swift; sourceTree = "<group>"; };
		87F4CD1427E779AF0020E78C /* KismetUITestsLaunchTests.swift */ = {isa = PBXFileReference; lastKnownFileType = sourcecode.swift; path = KismetUITestsLaunchTests.swift; sourceTree = "<group>"; };
		87F4CD2127E77A0E0020E78C /* CollectionViewCell.swift */ = {isa = PBXFileReference; lastKnownFileType = sourcecode.swift; path = CollectionViewCell.swift; sourceTree = "<group>"; };
/* End PBXFileReference section */

/* Begin PBXFrameworksBuildPhase section */
		87F4CCEB27E779AD0020E78C /* Frameworks */ = {
			isa = PBXFrameworksBuildPhase;
			buildActionMask = 2147483647;
			files = (
			);
			runOnlyForDeploymentPostprocessing = 0;
		};
		87F4CD0127E779AF0020E78C /* Frameworks */ = {
			isa = PBXFrameworksBuildPhase;
			buildActionMask = 2147483647;
			files = (
			);
			runOnlyForDeploymentPostprocessing = 0;
		};
		87F4CD0B27E779AF0020E78C /* Frameworks */ = {
			isa = PBXFrameworksBuildPhase;
			buildActionMask = 2147483647;
			files = (
			);
			runOnlyForDeploymentPostprocessing = 0;
		};
/* End PBXFrameworksBuildPhase section */

/* Begin PBXGroup section */
		87F4CCE527E779AD0020E78C = {
			isa = PBXGroup;
			children = (
				87F4CCF027E779AD0020E78C /* Kismet */,
				87F4CD0727E779AF0020E78C /* KismetTests */,
				87F4CD1127E779AF0020E78C /* KismetUITests */,
				87F4CCEF27E779AD0020E78C /* Products */,
			);
			sourceTree = "<group>";
		};
		87F4CCEF27E779AD0020E78C /* Products */ = {
			isa = PBXGroup;
			children = (
				87F4CCEE27E779AD0020E78C /* Kismet.app */,
				87F4CD0427E779AF0020E78C /* KismetTests.xctest */,
				87F4CD0E27E779AF0020E78C /* KismetUITests.xctest */,
			);
			name = Products;
			sourceTree = "<group>";
		};
		87F4CCF027E779AD0020E78C /* Kismet */ = {
			isa = PBXGroup;
			children = (
				87F4CCF127E779AD0020E78C /* AppDelegate.swift */,
				87F4CCF327E779AD0020E78C /* SceneDelegate.swift */,
				87F4CCF527E779AD0020E78C /* ViewController.swift */,
				87F4CCF727E779AD0020E78C /* Main.storyboard */,
				87F4CCFA27E779AF0020E78C /* Assets.xcassets */,
				87F4CCFC27E779AF0020E78C /* LaunchScreen.storyboard */,
				87F4CCFF27E779AF0020E78C /* Info.plist */,
				87F4CD2127E77A0E0020E78C /* CollectionViewCell.swift */,
			);
			path = Kismet;
			sourceTree = "<group>";
		};
		87F4CD0727E779AF0020E78C /* KismetTests */ = {
			isa = PBXGroup;
			children = (
				87F4CD0827E779AF0020E78C /* KismetTests.swift */,
			);
			path = KismetTests;
			sourceTree = "<group>";
		};
		87F4CD1127E779AF0020E78C /* KismetUITests */ = {
			isa = PBXGroup;
			children = (
				87F4CD1227E779AF0020E78C /* KismetUITests.swift */,
				87F4CD1427E779AF0020E78C /* KismetUITestsLaunchTests.swift */,
			);
			path = KismetUITests;
			sourceTree = "<group>";
		};
/* End PBXGroup section */

/* Begin PBXNativeTarget section */
		87F4CCED27E779AD0020E78C /* Kismet */ = {
			isa = PBXNativeTarget;
			buildConfigurationList = 87F4CD1827E779AF0020E78C /* Build configuration list for PBXNativeTarget "Kismet" */;
			buildPhases = (
				87F4CCEA27E779AD0020E78C /* Sources */,
				87F4CCEB27E779AD0020E78C /* Frameworks */,
				87F4CCEC27E779AD0020E78C /* Resources */,
			);
			buildRules = (
			);
			dependencies = (
			);
			name = Kismet;
			productName = Kismet;
			productReference = 87F4CCEE27E779AD0020E78C /* Kismet.app */;
			productType = "com.apple.product-type.application";
		};
		87F4CD0327E779AF0020E78C /* KismetTests */ = {
			isa = PBXNativeTarget;
			buildConfigurationList = 87F4CD1B27E779AF0020E78C /* Build configuration list for PBXNativeTarget "KismetTests" */;
			buildPhases = (
				87F4CD0027E779AF0020E78C /* Sources */,
				87F4CD0127E779AF0020E78C /* Frameworks */,
				87F4CD0227E779AF0020E78C /* Resources */,
			);
			buildRules = (
			);
			dependencies = (
				87F4CD0627E779AF0020E78C /* PBXTargetDependency */,
			);
			name = KismetTests;
			productName = KismetTests;
			productReference = 87F4CD0427E779AF0020E78C /* KismetTests.xctest */;
			productType = "com.apple.product-type.bundle.unit-test";
		};
		87F4CD0D27E779AF0020E78C /* KismetUITests */ = {
			isa = PBXNativeTarget;
			buildConfigurationList = 87F4CD1E27E779AF0020E78C /* Build configuration list for PBXNativeTarget "KismetUITests" */;
			buildPhases = (
				87F4CD0A27E779AF0020E78C /* Sources */,
				87F4CD0B27E779AF0020E78C /* Frameworks */,
				87F4CD0C27E779AF0020E78C /* Resources */,
			);
			buildRules = (
			);
			dependencies = (
				87F4CD1027E779AF0020E78C /* PBXTargetDependency */,
			);
			name = KismetUITests;
			productName = KismetUITests;
			productReference = 87F4CD0E27E779AF0020E78C /* KismetUITests.xctest */;
			productType = "com.apple.product-type.bundle.ui-testing";
		};
/* End PBXNativeTarget section */

/* Begin PBXProject section */
		87F4CCE627E779AD0020E78C /* Project object */ = {
			isa = PBXProject;
			attributes = {
				BuildIndependentTargetsInParallel = 1;
				LastSwiftUpdateCheck = 1320;
				LastUpgradeCheck = 1320;
				TargetAttributes = {
					87F4CCED27E779AD0020E78C = {
						CreatedOnToolsVersion = 13.2.1;
					};
					87F4CD0327E779AF0020E78C = {
						CreatedOnToolsVersion = 13.2.1;
						TestTargetID = 87F4CCED27E779AD0020E78C;
					};
					87F4CD0D27E779AF0020E78C = {
						CreatedOnToolsVersion = 13.2.1;
						TestTargetID = 87F4CCED27E779AD0020E78C;
					};
				};
			};
			buildConfigurationList = 87F4CCE927E779AD0020E78C /* Build configuration list for PBXProject "Kismet" */;
			compatibilityVersion = "Xcode 13.0";
			developmentRegion = en;
			hasScannedForEncodings = 0;
			knownRegions = (
				en,
				Base,
			);
			mainGroup = 87F4CCE527E779AD0020E78C;
			productRefGroup = 87F4CCEF27E779AD0020E78C /* Products */;
			projectDirPath = "";
			projectRoot = "";
			targets = (
				87F4CCED27E779AD0020E78C /* Kismet */,
				87F4CD0327E779AF0020E78C /* KismetTests */,
				87F4CD0D27E779AF0020E78C /* KismetUITests */,
			);
		};
/* End PBXProject section */

/* Begin PBXResourcesBuildPhase section */
		87F4CCEC27E779AD0020E78C /* Resources */ = {
			isa = PBXResourcesBuildPhase;
			buildActionMask = 2147483647;
			files = (
				87F4CCFE27E779AF0020E78C /* LaunchScreen.storyboard in Resources */,
				87F4CCFB27E779AF0020E78C /* Assets.xcassets in Resources */,
				87F4CCF927E779AD0020E78C /* Main.storyboard in Resources */,
			);
			runOnlyForDeploymentPostprocessing = 0;
		};
		87F4CD0227E779AF0020E78C /* Resources */ = {
			isa = PBXResourcesBuildPhase;
			buildActionMask = 2147483647;
			files = (
			);
			runOnlyForDeploymentPostprocessing = 0;
		};
		87F4CD0C27E779AF0020E78C /* Resources */ = {
			isa = PBXResourcesBuildPhase;
			buildActionMask = 2147483647;
			files = (
			);
			runOnlyForDeploymentPostprocessing = 0;
		};
/* End PBXResourcesBuildPhase section */

/* Begin PBXSourcesBuildPhase section */
		87F4CCEA27E779AD0020E78C /* Sources */ = {
			isa = PBXSourcesBuildPhase;
			buildActionMask = 2147483647;
			files = (
				87F4CCF627E779AD0020E78C /* ViewController.swift in Sources */,
				87F4CCF227E779AD0020E78C /* AppDelegate.swift in Sources */,
				87F4CD2227E77A0E0020E78C /* CollectionViewCell.swift in Sources */,
				87F4CCF427E779AD0020E78C /* SceneDelegate.swift in Sources */,
			);
			runOnlyForDeploymentPostprocessing = 0;
		};
		87F4CD0027E779AF0020E78C /* Sources */ = {
			isa = PBXSourcesBuildPhase;
			buildActionMask = 2147483647;
			files = (
				87F4CD0927E779AF0020E78C /* KismetTests.swift in Sources */,
			);
			runOnlyForDeploymentPostprocessing = 0;
		};
		87F4CD0A27E779AF0020E78C /* Sources */ = {
			isa = PBXSourcesBuildPhase;
			buildActionMask = 2147483647;
			files = (
				87F4CD1327E779AF0020E78C /* KismetUITests.swift in Sources */,
				87F4CD1527E779AF0020E78C /* KismetUITestsLaunchTests.swift in Sources */,
			);
			runOnlyForDeploymentPostprocessing = 0;
		};
/* End PBXSourcesBuildPhase section */

/* Begin PBXTargetDependency section */
		87F4CD0627E779AF0020E78C /* PBXTargetDependency */ = {
			isa = PBXTargetDependency;
			target = 87F4CCED27E779AD0020E78C /* Kismet */;
			targetProxy = 87F4CD0527E779AF0020E78C /* PBXContainerItemProxy */;
		};
		87F4CD1027E779AF0020E78C /* PBXTargetDependency */ = {
			isa = PBXTargetDependency;
			target = 87F4CCED27E779AD0020E78C /* Kismet */;
			targetProxy = 87F4CD0F27E779AF0020E78C /* PBXContainerItemProxy */;
		};
/* End PBXTargetDependency section */

/* Begin PBXVariantGroup section */
		87F4CCF727E779AD0020E78C /* Main.storyboard */ = {
			isa = PBXVariantGroup;
			children = (
				87F4CCF827E779AD0020E78C /* Base */,
			);
			name = Main.storyboard;
			sourceTree = "<group>";
		};
		87F4CCFC27E779AF0020E78C /* LaunchScreen.storyboard */ = {
			isa = PBXVariantGroup;
			children = (
				87F4CCFD27E779AF0020E78C /* Base */,
			);
			name = LaunchScreen.storyboard;
			sourceTree = "<group>";
		};
/* End PBXVariantGroup section */

/* Begin XCBuildConfiguration section */
		87F4CD1627E779AF0020E78C /* Debug */ = {
			isa = XCBuildConfiguration;
			buildSettings = {
				ALWAYS_SEARCH_USER_PATHS = NO;
				CLANG_ANALYZER_NONNULL = YES;
				CLANG_ANALYZER_NUMBER_OBJECT_CONVERSION = YES_AGGRESSIVE;
				CLANG_CXX_LANGUAGE_STANDARD = "gnu++17";
				CLANG_CXX_LIBRARY = "libc++";
				CLANG_ENABLE_MODULES = YES;
				CLANG_ENABLE_OBJC_ARC = YES;
				CLANG_ENABLE_OBJC_WEAK = YES;
				CLANG_WARN_BLOCK_CAPTURE_AUTORELEASING = YES;
				CLANG_WARN_BOOL_CONVERSION = YES;
				CLANG_WARN_COMMA = YES;
				CLANG_WARN_CONSTANT_CONVERSION = YES;
				CLANG_WARN_DEPRECATED_OBJC_IMPLEMENTATIONS = YES;
				CLANG_WARN_DIRECT_OBJC_ISA_USAGE = YES_ERROR;
				CLANG_WARN_DOCUMENTATION_COMMENTS = YES;
				CLANG_WARN_EMPTY_BODY = YES;
				CLANG_WARN_ENUM_CONVERSION = YES;
				CLANG_WARN_INFINITE_RECURSION = YES;
				CLANG_WARN_INT_CONVERSION = YES;
				CLANG_WARN_NON_LITERAL_NULL_CONVERSION = YES;
				CLANG_WARN_OBJC_IMPLICIT_RETAIN_SELF = YES;
				CLANG_WARN_OBJC_LITERAL_CONVERSION = YES;
				CLANG_WARN_OBJC_ROOT_CLASS = YES_ERROR;
				CLANG_WARN_QUOTED_INCLUDE_IN_FRAMEWORK_HEADER = YES;
				CLANG_WARN_RANGE_LOOP_ANALYSIS = YES;
				CLANG_WARN_STRICT_PROTOTYPES = YES;
				CLANG_WARN_SUSPICIOUS_MOVE = YES;
				CLANG_WARN_UNGUARDED_AVAILABILITY = YES_AGGRESSIVE;
				CLANG_WARN_UNREACHABLE_CODE = YES;
				CLANG_WARN__DUPLICATE_METHOD_MATCH = YES;
				COPY_PHASE_STRIP = NO;
				DEBUG_INFORMATION_FORMAT = dwarf;
				ENABLE_STRICT_OBJC_MSGSEND = YES;
				ENABLE_TESTABILITY = YES;
				GCC_C_LANGUAGE_STANDARD = gnu11;
				GCC_DYNAMIC_NO_PIC = NO;
				GCC_NO_COMMON_BLOCKS = YES;
				GCC_OPTIMIZATION_LEVEL = 0;
				GCC_PREPROCESSOR_DEFINITIONS = (
					"DEBUG=1",
					"$(inherited)",
				);
				GCC_WARN_64_TO_32_BIT_CONVERSION = YES;
				GCC_WARN_ABOUT_RETURN_TYPE = YES_ERROR;
				GCC_WARN_UNDECLARED_SELECTOR = YES;
				GCC_WARN_UNINITIALIZED_AUTOS = YES_AGGRESSIVE;
				GCC_WARN_UNUSED_FUNCTION = YES;
				GCC_WARN_UNUSED_VARIABLE = YES;
				IPHONEOS_DEPLOYMENT_TARGET = 15.2;
				MTL_ENABLE_DEBUG_INFO = INCLUDE_SOURCE;
				MTL_FAST_MATH = YES;
				ONLY_ACTIVE_ARCH = YES;
				SDKROOT = iphoneos;
				SWIFT_ACTIVE_COMPILATION_CONDITIONS = DEBUG;
				SWIFT_OPTIMIZATION_LEVEL = "-Onone";
			};
			name = Debug;
		};
		87F4CD1727E779AF0020E78C /* Release */ = {
			isa = XCBuildConfiguration;
			buildSettings = {
				ALWAYS_SEARCH_USER_PATHS = NO;
				CLANG_ANALYZER_NONNULL = YES;
				CLANG_ANALYZER_NUMBER_OBJECT_CONVERSION = YES_AGGRESSIVE;
				CLANG_CXX_LANGUAGE_STANDARD = "gnu++17";
				CLANG_CXX_LIBRARY = "libc++";
				CLANG_ENABLE_MODULES = YES;
				CLANG_ENABLE_OBJC_ARC = YES;
				CLANG_ENABLE_OBJC_WEAK = YES;
				CLANG_WARN_BLOCK_CAPTURE_AUTORELEASING = YES;
				CLANG_WARN_BOOL_CONVERSION = YES;
				CLANG_WARN_COMMA = YES;
				CLANG_WARN_CONSTANT_CONVERSION = YES;
				CLANG_WARN_DEPRECATED_OBJC_IMPLEMENTATIONS = YES;
				CLANG_WARN_DIRECT_OBJC_ISA_USAGE = YES_ERROR;
				CLANG_WARN_DOCUMENTATION_COMMENTS = YES;
				CLANG_WARN_EMPTY_BODY = YES;
				CLANG_WARN_ENUM_CONVERSION = YES;
				CLANG_WARN_INFINITE_RECURSION = YES;
				CLANG_WARN_INT_CONVERSION = YES;
				CLANG_WARN_NON_LITERAL_NULL_CONVERSION = YES;
				CLANG_WARN_OBJC_IMPLICIT_RETAIN_SELF = YES;
				CLANG_WARN_OBJC_LITERAL_CONVERSION = YES;
				CLANG_WARN_OBJC_ROOT_CLASS = YES_ERROR;
				CLANG_WARN_QUOTED_INCLUDE_IN_FRAMEWORK_HEADER = YES;
				CLANG_WARN_RANGE_LOOP_ANALYSIS = YES;
				CLANG_WARN_STRICT_PROTOTYPES = YES;
				CLANG_WARN_SUSPICIOUS_MOVE = YES;
				CLANG_WARN_UNGUARDED_AVAILABILITY = YES_AGGRESSIVE;
				CLANG_WARN_UNREACHABLE_CODE = YES;
				CLANG_WARN__DUPLICATE_METHOD_MATCH = YES;
				COPY_PHASE_STRIP = NO;
				DEBUG_INFORMATION_FORMAT = "dwarf-with-dsym";
				ENABLE_NS_ASSERTIONS = NO;
				ENABLE_STRICT_OBJC_MSGSEND = YES;
				GCC_C_LANGUAGE_STANDARD = gnu11;
				GCC_NO_COMMON_BLOCKS = YES;
				GCC_WARN_64_TO_32_BIT_CONVERSION = YES;
				GCC_WARN_ABOUT_RETURN_TYPE = YES_ERROR;
				GCC_WARN_UNDECLARED_SELECTOR = YES;
				GCC_WARN_UNINITIALIZED_AUTOS = YES_AGGRESSIVE;
				GCC_WARN_UNUSED_FUNCTION = YES;
				GCC_WARN_UNUSED_VARIABLE = YES;
				IPHONEOS_DEPLOYMENT_TARGET = 15.2;
				MTL_ENABLE_DEBUG_INFO = NO;
				MTL_FAST_MATH = YES;
				SDKROOT = iphoneos;
				SWIFT_COMPILATION_MODE = wholemodule;
				SWIFT_OPTIMIZATION_LEVEL = "-O";
				VALIDATE_PRODUCT = YES;
			};
			name = Release;
		};
		87F4CD1927E779AF0020E78C /* Debug */ = {
			isa = XCBuildConfiguration;
			buildSettings = {
				ASSETCATALOG_COMPILER_APPICON_NAME = AppIcon;
				ASSETCATALOG_COMPILER_GLOBAL_ACCENT_COLOR_NAME = AccentColor;
				CODE_SIGN_STYLE = Automatic;
				CURRENT_PROJECT_VERSION = 1;
				DEVELOPMENT_TEAM = F76RBF7M5V;
				GENERATE_INFOPLIST_FILE = YES;
				INFOPLIST_FILE = Kismet/Info.plist;
				INFOPLIST_KEY_UIApplicationSupportsIndirectInputEvents = YES;
				INFOPLIST_KEY_UILaunchStoryboardName = LaunchScreen;
				INFOPLIST_KEY_UIMainStoryboardFile = Main;
				INFOPLIST_KEY_UISupportedInterfaceOrientations = UIInterfaceOrientationPortrait;
				INFOPLIST_KEY_UISupportedInterfaceOrientations_iPad = "UIInterfaceOrientationPortrait UIInterfaceOrientationPortraitUpsideDown UIInterfaceOrientationLandscapeLeft UIInterfaceOrientationLandscapeRight";
				INFOPLIST_KEY_UISupportedInterfaceOrientations_iPhone = "UIInterfaceOrientationPortrait UIInterfaceOrientationLandscapeLeft UIInterfaceOrientationLandscapeRight";
				LD_RUNPATH_SEARCH_PATHS = (
					"$(inherited)",
					"@executable_path/Frameworks",
				);
				MARKETING_VERSION = 1.0;
				PRODUCT_BUNDLE_IDENTIFIER = com.umutcorut.Kismet;
				PRODUCT_NAME = "$(TARGET_NAME)";
				SWIFT_EMIT_LOC_STRINGS = YES;
				SWIFT_VERSION = 5.0;
				TARGETED_DEVICE_FAMILY = 1;
			};
			name = Debug;
		};
		87F4CD1A27E779AF0020E78C /* Release */ = {
			isa = XCBuildConfiguration;
			buildSettings = {
				ASSETCATALOG_COMPILER_APPICON_NAME = AppIcon;
				ASSETCATALOG_COMPILER_GLOBAL_ACCENT_COLOR_NAME = AccentColor;
				CODE_SIGN_STYLE = Automatic;
				CURRENT_PROJECT_VERSION = 1;
				DEVELOPMENT_TEAM = F76RBF7M5V;
				GENERATE_INFOPLIST_FILE = YES;
				INFOPLIST_FILE = Kismet/Info.plist;
				INFOPLIST_KEY_UIApplicationSupportsIndirectInputEvents = YES;
				INFOPLIST_KEY_UILaunchStoryboardName = LaunchScreen;
				INFOPLIST_KEY_UIMainStoryboardFile = Main;
				INFOPLIST_KEY_UISupportedInterfaceOrientations = UIInterfaceOrientationPortrait;
				INFOPLIST_KEY_UISupportedInterfaceOrientations_iPad = "UIInterfaceOrientationPortrait UIInterfaceOrientationPortraitUpsideDown UIInterfaceOrientationLandscapeLeft UIInterfaceOrientationLandscapeRight";
				INFOPLIST_KEY_UISupportedInterfaceOrientations_iPhone = "UIInterfaceOrientationPortrait UIInterfaceOrientationLandscapeLeft UIInterfaceOrientationLandscapeRight";
				LD_RUNPATH_SEARCH_PATHS = (
					"$(inherited)",
					"@executable_path/Frameworks",
				);
				MARKETING_VERSION = 1.0;
				PRODUCT_BUNDLE_IDENTIFIER = com.umutcorut.Kismet;
				PRODUCT_NAME = "$(TARGET_NAME)";
				SWIFT_EMIT_LOC_STRINGS = YES;
				SWIFT_VERSION = 5.0;
				TARGETED_DEVICE_FAMILY = 1;
			};
			name = Release;
		};
		87F4CD1C27E779AF0020E78C /* Debug */ = {
			isa = XCBuildConfiguration;
			buildSettings = {
				ALWAYS_EMBED_SWIFT_STANDARD_LIBRARIES = YES;
				BUNDLE_LOADER = "$(TEST_HOST)";
				CODE_SIGN_STYLE = Automatic;
				CURRENT_PROJECT_VERSION = 1;
				DEVELOPMENT_TEAM = F76RBF7M5V;
				GENERATE_INFOPLIST_FILE = YES;
				IPHONEOS_DEPLOYMENT_TARGET = 15.2;
				MARKETING_VERSION = 1.0;
				PRODUCT_BUNDLE_IDENTIFIER = com.umutcorut.KismetTests;
				PRODUCT_NAME = "$(TARGET_NAME)";
				SWIFT_EMIT_LOC_STRINGS = NO;
				SWIFT_VERSION = 5.0;
				TARGETED_DEVICE_FAMILY = "1,2";
				TEST_HOST = "$(BUILT_PRODUCTS_DIR)/Kismet.app/Kismet";
			};
			name = Debug;
		};
		87F4CD1D27E779AF0020E78C /* Release */ = {
			isa = XCBuildConfiguration;
			buildSettings = {
				ALWAYS_EMBED_SWIFT_STANDARD_LIBRARIES = YES;
				BUNDLE_LOADER = "$(TEST_HOST)";
				CODE_SIGN_STYLE = Automatic;
				CURRENT_PROJECT_VERSION = 1;
				DEVELOPMENT_TEAM = F76RBF7M5V;
				GENERATE_INFOPLIST_FILE = YES;
				IPHONEOS_DEPLOYMENT_TARGET = 15.2;
				MARKETING_VERSION = 1.0;
				PRODUCT_BUNDLE_IDENTIFIER = com.umutcorut.KismetTests;
				PRODUCT_NAME = "$(TARGET_NAME)";
				SWIFT_EMIT_LOC_STRINGS = NO;
				SWIFT_VERSION = 5.0;
				TARGETED_DEVICE_FAMILY = "1,2";
				TEST_HOST = "$(BUILT_PRODUCTS_DIR)/Kismet.app/Kismet";
			};
			name = Release;
		};
		87F4CD1F27E779AF0020E78C /* Debug */ = {
			isa = XCBuildConfiguration;
			buildSettings = {
				ALWAYS_EMBED_SWIFT_STANDARD_LIBRARIES = YES;
				CODE_SIGN_STYLE = Automatic;
				CURRENT_PROJECT_VERSION = 1;
				DEVELOPMENT_TEAM = F76RBF7M5V;
				GENERATE_INFOPLIST_FILE = YES;
				MARKETING_VERSION = 1.0;
				PRODUCT_BUNDLE_IDENTIFIER = com.umutcorut.KismetUITests;
				PRODUCT_NAME = "$(TARGET_NAME)";
				SWIFT_EMIT_LOC_STRINGS = NO;
				SWIFT_VERSION = 5.0;
				TARGETED_DEVICE_FAMILY = "1,2";
				TEST_TARGET_NAME = Kismet;
			};
			name = Debug;
		};
		87F4CD2027E779AF0020E78C /* Release */ = {
			isa = XCBuildConfiguration;
			buildSettings = {
				ALWAYS_EMBED_SWIFT_STANDARD_LIBRARIES = YES;
				CODE_SIGN_STYLE = Automatic;
				CURRENT_PROJECT_VERSION = 1;
				DEVELOPMENT_TEAM = F76RBF7M5V;
				GENERATE_INFOPLIST_FILE = YES;
				MARKETING_VERSION = 1.0;
				PRODUCT_BUNDLE_IDENTIFIER = com.umutcorut.KismetUITests;
				PRODUCT_NAME = "$(TARGET_NAME)";
				SWIFT_EMIT_LOC_STRINGS = NO;
				SWIFT_VERSION = 5.0;
				TARGETED_DEVICE_FAMILY = "1,2";
				TEST_TARGET_NAME = Kismet;
			};
			name = Release;
		};
/* End XCBuildConfiguration section */

/* Begin XCConfigurationList section */
		87F4CCE927E779AD0020E78C /* Build configuration list for PBXProject "Kismet" */ = {
			isa = XCConfigurationList;
			buildConfigurations = (
				87F4CD1627E779AF0020E78C /* Debug */,
				87F4CD1727E779AF0020E78C /* Release */,
			);
			defaultConfigurationIsVisible = 0;
			defaultConfigurationName = Release;
		};
		87F4CD1827E779AF0020E78C /* Build configuration list for PBXNativeTarget "Kismet" */ = {
			isa = XCConfigurationList;
			buildConfigurations = (
				87F4CD1927E779AF0020E78C /* Debug */,
				87F4CD1A27E779AF0020E78C /* Release */,
			);
			defaultConfigurationIsVisible = 0;
			defaultConfigurationName = Release;
		};
		87F4CD1B27E779AF0020E78C /* Build configuration list for PBXNativeTarget "KismetTests" */ = {
			isa = XCConfigurationList;
			buildConfigurations = (
				87F4CD1C27E779AF0020E78C /* Debug */,
				87F4CD1D27E779AF0020E78C /* Release */,
			);
			defaultConfigurationIsVisible = 0;
			defaultConfigurationName = Release;
		};
		87F4CD1E27E779AF0020E78C /* Build configuration list for PBXNativeTarget "KismetUITests" */ = {
			isa = XCConfigurationList;
			buildConfigurations = (
				87F4CD1F27E779AF0020E78C /* Debug */,
				87F4CD2027E779AF0020E78C /* Release */,
			);
			defaultConfigurationIsVisible = 0;
			defaultConfigurationName = Release;
		};
/* End XCConfigurationList section */
	};
	rootObject = 87F4CCE627E779AD0020E78C /* Project object */;
}
